
Microsoft Visual Studio Solution File, Format Version 12.00
# Visual Studio Version 16
VisualStudioVersion = 16.0.31410.357
MinimumVisualStudioVersion = 10.0.40219.1
Project("{9A19103F-16F7-4668-BE54-9A1E7A4F7556}") = "projecttt", "projecttt\projecttt.csproj", "{875063BC-832C-43FB-8054-C75C07082A5C}"
EndProject
Project("{FAE04EC0-301F-11D3-BF4B-00C04F79EFBC}") = "Metotlar", "Metotlar\Metotlar.csproj", "{2D53A086-7AC7-4330-9E8F-496C18F0E0D5}"
EndProject
Global
	GlobalSection(SolutionConfigurationPlatforms) = preSolution
		Debug|Any CPU = Debug|Any CPU
		Release|Any CPU = Release|Any CPU
	EndGlobalSection
	GlobalSection(ProjectConfigurationPlatforms) = postSolution
		{875063BC-832C-43FB-8054-C75C07082A5C}.Debug|Any CPU.ActiveCfg = Debug|Any CPU
		{875063BC-832C-43FB-8054-C75C07082A5C}.Debug|Any CPU.Build.0 = Debug|Any CPU
		{875063BC-832C-43FB-8054-C75C07082A5C}.Release|Any CPU.ActiveCfg = Release|Any CPU
		{875063BC-832C-43FB-8054-C75C07082A5C}.Release|Any CPU.Build.0 = Release|Any CPU
		{2D53A086-7AC7-4330-9E8F-496C18F0E0D5}.Debug|Any CPU.ActiveCfg = Debug|Any CPU
		{2D53A086-7AC7-4330-9E8F-496C18F0E0D5}.Debug|Any CPU.Build.0 = Debug|Any CPU
		{2D53A086-7AC7-4330-9E8F-496C18F0E0D5}.Release|Any CPU.ActiveCfg = Release|Any CPU
		{2D53A086-7AC7-4330-9E8F-496C18F0E0D5}.Release|Any CPU.Build.0 = Release|Any CPU
	EndGlobalSection
	GlobalSection(SolutionProperties) = preSolution
		HideSolutionNode = FALSE
	EndGlobalSection
	GlobalSection(ExtensibilityGlobals) = postSolution
		SolutionGuid = {51888964-69FF-4F78-96FB-8E35A0D9BAE3}
	EndGlobalSection
EndGlobal
